#MicroXplorer Configuration settings - do not modify
CAD.formats=
CAD.pinconfig=
CAD.provider=
Dma.Request0=SPI2_TX
Dma.Request1=SPI2_RX
Dma.RequestsNb=2
Dma.SPI2_RX.1.Direction=DMA_PERIPH_TO_MEMORY
Dma.SPI2_RX.1.FIFOMode=DMA_FIFOMODE_DISABLE
Dma.SPI2_RX.1.Instance=DMA1_Stream3
Dma.SPI2_RX.1.MemDataAlignment=DMA_MDATAALIGN_HALFWORD
Dma.SPI2_RX.1.MemInc=DMA_MINC_ENABLE
Dma.SPI2_RX.1.Mode=DMA_NORMAL
Dma.SPI2_RX.1.PeriphDataAlignment=DMA_PDATAALIGN_HALFWORD
Dma.SPI2_RX.1.PeriphInc=DMA_PINC_DISABLE
Dma.SPI2_RX.1.Priority=DMA_PRIORITY_LOW
Dma.SPI2_RX.1.RequestParameters=Instance,Direction,PeriphInc,MemInc,PeriphDataAlignment,MemDataAlignment,Mode,Priority,FIFOMode
Dma.SPI2_TX.0.Direction=DMA_MEMORY_TO_PERIPH
Dma.SPI2_TX.0.FIFOMode=DMA_FIFOMODE_DISABLE
Dma.SPI2_TX.0.Instance=DMA1_Stream4
Dma.SPI2_TX.0.MemDataAlignment=DMA_MDATAALIGN_HALFWORD
Dma.SPI2_TX.0.MemInc=DMA_MINC_ENABLE
Dma.SPI2_TX.0.Mode=DMA_NORMAL
Dma.SPI2_TX.0.PeriphDataAlignment=DMA_PDATAALIGN_HALFWORD
Dma.SPI2_TX.0.PeriphInc=DMA_PINC_DISABLE
Dma.SPI2_TX.0.Priority=DMA_PRIORITY_LOW
Dma.SPI2_TX.0.RequestParameters=Instance,Direction,PeriphInc,MemInc,PeriphDataAlignment,MemDataAlignment,Mode,Priority,FIFOMode
File.Version=6
GPIO.groupedBy=Expand Peripherals
KeepUserPlacement=true
Mcu.CPN=STM32F401CCU6
Mcu.Family=STM32F4
Mcu.IP0=CRC
Mcu.IP1=DMA
Mcu.IP2=IWDG
Mcu.IP3=NVIC
Mcu.IP4=RCC
Mcu.IP5=SPI2
Mcu.IP6=SYS
Mcu.IP7=TIM3
Mcu.IP8=WWDG
Mcu.IPNb=9
Mcu.Name=STM32F401C(B-C)Ux
Mcu.Package=UFQFPN48
Mcu.Pin0=PH0 - OSC_IN
Mcu.Pin1=PH1 - OSC_OUT
Mcu.Pin10=VP_TIM3_VS_no_output3
Mcu.Pin11=VP_TIM3_VS_no_output4
Mcu.Pin12=VP_WWDG_VS_WWDG
Mcu.Pin2=PB10
Mcu.Pin3=PB14
Mcu.Pin4=PB15
Mcu.Pin5=PA9
Mcu.Pin6=PA11
Mcu.Pin7=VP_CRC_VS_CRC
Mcu.Pin8=VP_IWDG_VS_IWDG
Mcu.Pin9=VP_SYS_VS_Systick
Mcu.PinsNb=13
Mcu.ThirdPartyNb=0
Mcu.UserConstants=
Mcu.UserName=STM32F401CCUx
MxCube.Version=6.9.2
MxDb.Version=DB.6.0.92
NVIC.BusFault_IRQn=true\:0\:0\:false\:false\:true\:false\:false\:false
NVIC.DMA1_Stream3_IRQn=true\:0\:0\:false\:false\:true\:false\:true\:true
NVIC.DMA1_Stream4_IRQn=true\:0\:0\:false\:false\:true\:false\:true\:true
NVIC.DebugMonitor_IRQn=true\:0\:0\:false\:false\:true\:false\:false\:false
NVIC.ForceEnableDMAVector=true
NVIC.HardFault_IRQn=true\:0\:0\:false\:false\:true\:false\:false\:false
NVIC.MemoryManagement_IRQn=true\:0\:0\:false\:false\:true\:false\:false\:false
NVIC.NonMaskableInt_IRQn=true\:0\:0\:false\:false\:true\:false\:false\:false
NVIC.PendSV_IRQn=true\:0\:0\:false\:false\:true\:false\:false\:false
NVIC.PriorityGroup=NVIC_PRIORITYGROUP_4
NVIC.RCC_IRQn=true\:0\:0\:false\:false\:true\:true\:false\:true
NVIC.SVCall_IRQn=true\:0\:0\:false\:false\:true\:false\:false\:false
NVIC.SysTick_IRQn=true\:15\:0\:false\:false\:true\:false\:true\:false
NVIC.UsageFault_IRQn=true\:0\:0\:false\:false\:true\:false\:false\:false
PA11.Locked=true
PA11.Signal=GPIO_Output
PA9.Locked=true
PA9.Signal=GPIO_Output
PB10.Locked=true
PB10.Mode=Simplex_Bidirectional_Slave
PB10.Signal=SPI2_SCK
PB14.Locked=true
PB14.Mode=Simplex_Bidirectional_Slave
PB14.Signal=SPI2_MISO
PB15.GPIOParameters=GPIO_Speed
PB15.GPIO_Speed=GPIO_SPEED_FREQ_HIGH
PB15.Locked=true
PB15.Signal=SPI2_MOSI
PH0\ -\ OSC_IN.Mode=HSE-External-Oscillator
PH0\ -\ OSC_IN.Signal=RCC_OSC_IN
PH1\ -\ OSC_OUT.Mode=HSE-External-Oscillator
PH1\ -\ OSC_OUT.Signal=RCC_OSC_OUT
PinOutPanel.RotationAngle=0
ProjectManager.AskForMigrate=true
ProjectManager.BackupPrevious=true
ProjectManager.CompilerOptimize=6
ProjectManager.ComputerToolchain=false
ProjectManager.CoupleFile=true
ProjectManager.CustomerFirmwarePackage=
ProjectManager.DefaultFWLocation=true
ProjectManager.DeletePrevious=true
ProjectManager.DeviceId=STM32F401CCUx
ProjectManager.FirmwarePackage=STM32Cube FW_F4 V1.27.1
ProjectManager.FreePins=false
ProjectManager.HalAssertFull=false
ProjectManager.HeapSize=0x200
ProjectManager.KeepUserCode=true
ProjectManager.LastFirmware=true
ProjectManager.LibraryCopy=1
ProjectManager.MainLocation=Core/Src
ProjectManager.NoMain=false
ProjectManager.PreviousToolchain=STM32CubeIDE
ProjectManager.ProjectBuild=false
ProjectManager.ProjectFileName=Phase1_Project.ioc
ProjectManager.ProjectName=Phase1_Project
ProjectManager.ProjectStructure=
ProjectManager.RegisterCallBack=SPI
ProjectManager.StackSize=0x400
ProjectManager.TargetToolchain=STM32CubeIDE
ProjectManager.TemplateDestinationPath=C\:\\Users\\Mohamed ALfateh\\STM32CubeIDE\\workspace_1.13.2\\Phase1_Project
ProjectManager.TemplateSourcePath=C\:\\ST\\STM32CubeIDE_1.13.2\\STM32CubeIDE\\plugins\\com.st.stm32cube.common.mx_6.9.2.202309101412\\db\\extra_templates
ProjectManager.ToolChainLocation=
ProjectManager.UAScriptAfterPath=D\:\\GP\\Demo_project_LV1
ProjectManager.UAScriptBeforePath=D\:\\GP\\Demo_project_LV1
ProjectManager.UnderRoot=true
ProjectManager.functionlistsort=1-SystemClock_Config-RCC-false-HAL-false,2-MX_GPIO_Init-GPIO-false-HAL-true,3-MX_DMA_Init-DMA-false-HAL-true,4-MX_CRC_Init-CRC-false-HAL-true,5-MX_SPI2_Init-SPI2-false-HAL-true,6-MX_TIM1_Init-TIM1-false-HAL-true,7-MX_TIM3_Init-TIM3-false-HAL-true,8-MX_IWDG_Init-IWDG-false-HAL-true,9-MX_RTC_Init-RTC-false-HAL-true,10-MX_WWDG_Init-WWDG-false-HAL-true
RCC.48MHZClocksFreq_Value=40000000
RCC.AHBCLKDivider=RCC_SYSCLK_DIV4
RCC.AHBFreq_Value=20000000
RCC.APB1CLKDivider=RCC_HCLK_DIV2
RCC.APB1Freq_Value=10000000
RCC.APB1TimFreq_Value=20000000
RCC.APB2Freq_Value=20000000
RCC.APB2TimFreq_Value=20000000
RCC.CortexFreq_Value=20000000
RCC.FCLKCortexFreq_Value=20000000
RCC.HCLKFreq_Value=20000000
RCC.HSE_VALUE=25000000
RCC.HSI_VALUE=16000000
RCC.I2SClocksFreq_Value=160000000
RCC.IPParameters=48MHZClocksFreq_Value,AHBCLKDivider,AHBFreq_Value,APB1CLKDivider,APB1Freq_Value,APB1TimFreq_Value,APB2Freq_Value,APB2TimFreq_Value,CortexFreq_Value,FCLKCortexFreq_Value,HCLKFreq_Value,HSE_VALUE,HSI_VALUE,I2SClocksFreq_Value,LSE_VALUE,LSI_VALUE,PLLCLKFreq_Value,PLLM,PLLN,PLLQCLKFreq_Value,PLLSourceVirtual,RTCFreq_Value,RTCHSEDivFreq_Value,SYSCLKFreq_VALUE,SYSCLKSource,VCOI2SOutputFreq_Value,VCOInputFreq_Value,VCOOutputFreq_Value,VcooutputI2S
RCC.LSE_VALUE=32768
RCC.LSI_VALUE=32000
RCC.PLLCLKFreq_Value=80000000
RCC.PLLM=15
RCC.PLLN=96
RCC.PLLQCLKFreq_Value=40000000
RCC.PLLSourceVirtual=RCC_PLLSOURCE_HSE
RCC.RTCFreq_Value=32000
RCC.RTCHSEDivFreq_Value=12500000
RCC.SYSCLKFreq_VALUE=80000000
RCC.SYSCLKSource=RCC_SYSCLKSOURCE_PLLCLK
RCC.VCOI2SOutputFreq_Value=320000000
RCC.VCOInputFreq_Value=1666666.6666666667
RCC.VCOOutputFreq_Value=160000000
RCC.VcooutputI2S=160000000
SPI2.CRCCalculation=SPI_CRCCALCULATION_ENABLE
SPI2.DataSize=SPI_DATASIZE_16BIT
SPI2.Direction=SPI_DIRECTION_1LINE
SPI2.IPParameters=VirtualType,Mode,Direction,CRCCalculation,DataSize
SPI2.Mode=SPI_MODE_SLAVE
SPI2.VirtualType=VM_SLAVE
TIM3.Channel-PWM\ Generation3\ No\ Output=TIM_CHANNEL_3
TIM3.Channel-PWM\ Generation4\ No\ Output=TIM_CHANNEL_4
TIM3.IPParameters=Channel-PWM Generation3 No Output,Channel-PWM Generation4 No Output
VP_CRC_VS_CRC.Mode=CRC_Activate
VP_CRC_VS_CRC.Signal=CRC_VS_CRC
VP_IWDG_VS_IWDG.Mode=IWDG_Activate
VP_IWDG_VS_IWDG.Signal=IWDG_VS_IWDG
VP_SYS_VS_Systick.Mode=SysTick
VP_SYS_VS_Systick.Signal=SYS_VS_Systick
VP_TIM3_VS_no_output3.Mode=PWM Generation3 No Output
VP_TIM3_VS_no_output3.Signal=TIM3_VS_no_output3
VP_TIM3_VS_no_output4.Mode=PWM Generation4 No Output
VP_TIM3_VS_no_output4.Signal=TIM3_VS_no_output4
VP_WWDG_VS_WWDG.Mode=WWDG_Activate
VP_WWDG_VS_WWDG.Signal=WWDG_VS_WWDG
board=custom
